
Microsoft Visual Studio Solution File, Format Version 12.00
# Visual Studio Version 17
VisualStudioVersion = 17.5.33627.172
MinimumVisualStudioVersion = 10.0.40219.1
Project("{8BC9CEB8-8B4A-11D0-8D11-00A0C91BC942}") = "0518", "0518\0518.vcxproj", "{800C9F2A-C6D6-49B3-BA84-32D21F268E8F}"
EndProject
Project("{8BC9CEB8-8B4A-11D0-8D11-00A0C91BC942}") = "0519", "0519\0519.vcxproj", "{E98EBA5F-4823-4F4F-9EA0-F3FD41523CFA}"
EndProject
Project("{8BC9CEB8-8B4A-11D0-8D11-00A0C91BC942}") = "0522", "0522\0522.vcxproj", "{36C87B0C-B4A4-4B58-9BC5-C8D07260C4F7}"
EndProject
Project("{8BC9CEB8-8B4A-11D0-8D11-00A0C91BC942}") = "0523", "0523\0523.vcxproj", "{E4917A0A-ABAC-494D-B004-288EB891A812}"
EndProject
Project("{8BC9CEB8-8B4A-11D0-8D11-00A0C91BC942}") = "0525", "0525\0525.vcxproj", "{045A91BD-9347-4FBA-8F15-9FA0332E590A}"
EndProject
Project("{8BC9CEB8-8B4A-11D0-8D11-00A0C91BC942}") = "0526", "0526\0526.vcxproj", "{93D9C8B4-6365-497C-905C-984F46FF5CAA}"
EndProject
Project("{8BC9CEB8-8B4A-11D0-8D11-00A0C91BC942}") = "0524", "0524\0524.vcxproj", "{BC03C7D1-0196-455A-9BB8-4588CDE1CB10}"
EndProject
Project("{8BC9CEB8-8B4A-11D0-8D11-00A0C91BC942}") = "0531", "0531\0531.vcxproj", "{2024AE70-495D-42C2-9068-A85BB0D16732}"
EndProject
Global
	GlobalSection(SolutionConfigurationPlatforms) = preSolution
		Debug|x64 = Debug|x64
		Debug|x86 = Debug|x86
		Release|x64 = Release|x64
		Release|x86 = Release|x86
	EndGlobalSection
	GlobalSection(ProjectConfigurationPlatforms) = postSolution
		{800C9F2A-C6D6-49B3-BA84-32D21F268E8F}.Debug|x64.ActiveCfg = Debug|x64
		{800C9F2A-C6D6-49B3-BA84-32D21F268E8F}.Debug|x64.Build.0 = Debug|x64
		{800C9F2A-C6D6-49B3-BA84-32D21F268E8F}.Debug|x86.ActiveCfg = Debug|Win32
		{800C9F2A-C6D6-49B3-BA84-32D21F268E8F}.Debug|x86.Build.0 = Debug|Win32
		{800C9F2A-C6D6-49B3-BA84-32D21F268E8F}.Release|x64.ActiveCfg = Release|x64
		{800C9F2A-C6D6-49B3-BA84-32D21F268E8F}.Release|x64.Build.0 = Release|x64
		{800C9F2A-C6D6-49B3-BA84-32D21F268E8F}.Release|x86.ActiveCfg = Release|Win32
		{800C9F2A-C6D6-49B3-BA84-32D21F268E8F}.Release|x86.Build.0 = Release|Win32
		{E98EBA5F-4823-4F4F-9EA0-F3FD41523CFA}.Debug|x64.ActiveCfg = Debug|x64
		{E98EBA5F-4823-4F4F-9EA0-F3FD41523CFA}.Debug|x64.Build.0 = Debug|x64
		{E98EBA5F-4823-4F4F-9EA0-F3FD41523CFA}.Debug|x86.ActiveCfg = Debug|Win32
		{E98EBA5F-4823-4F4F-9EA0-F3FD41523CFA}.Debug|x86.Build.0 = Debug|Win32
		{E98EBA5F-4823-4F4F-9EA0-F3FD41523CFA}.Release|x64.ActiveCfg = Release|x64
		{E98EBA5F-4823-4F4F-9EA0-F3FD41523CFA}.Release|x64.Build.0 = Release|x64
		{E98EBA5F-4823-4F4F-9EA0-F3FD41523CFA}.Release|x86.ActiveCfg = Release|Win32
		{E98EBA5F-4823-4F4F-9EA0-F3FD41523CFA}.Release|x86.Build.0 = Release|Win32
		{36C87B0C-B4A4-4B58-9BC5-C8D07260C4F7}.Debug|x64.ActiveCfg = Debug|x64
		{36C87B0C-B4A4-4B58-9BC5-C8D07260C4F7}.Debug|x64.Build.0 = Debug|x64
		{36C87B0C-B4A4-4B58-9BC5-C8D07260C4F7}.Debug|x86.ActiveCfg = Debug|Win32
		{36C87B0C-B4A4-4B58-9BC5-C8D07260C4F7}.Debug|x86.Build.0 = Debug|Win32
		{36C87B0C-B4A4-4B58-9BC5-C8D07260C4F7}.Release|x64.ActiveCfg = Release|x64
		{36C87B0C-B4A4-4B58-9BC5-C8D07260C4F7}.Release|x64.Build.0 = Release|x64
		{36C87B0C-B4A4-4B58-9BC5-C8D07260C4F7}.Release|x86.ActiveCfg = Release|Win32
		{36C87B0C-B4A4-4B58-9BC5-C8D07260C4F7}.Release|x86.Build.0 = Release|Win32
		{E4917A0A-ABAC-494D-B004-288EB891A812}.Debug|x64.ActiveCfg = Debug|x64
		{E4917A0A-ABAC-494D-B004-288EB891A812}.Debug|x64.Build.0 = Debug|x64
		{E4917A0A-ABAC-494D-B004-288EB891A812}.Debug|x86.ActiveCfg = Debug|Win32
		{E4917A0A-ABAC-494D-B004-288EB891A812}.Debug|x86.Build.0 = Debug|Win32
		{E4917A0A-ABAC-494D-B004-288EB891A812}.Release|x64.ActiveCfg = Release|x64
		{E4917A0A-ABAC-494D-B004-288EB891A812}.Release|x64.Build.0 = Release|x64
		{E4917A0A-ABAC-494D-B004-288EB891A812}.Release|x86.ActiveCfg = Release|Win32
		{E4917A0A-ABAC-494D-B004-288EB891A812}.Release|x86.Build.0 = Release|Win32
		{045A91BD-9347-4FBA-8F15-9FA0332E590A}.Debug|x64.ActiveCfg = Debug|x64
		{045A91BD-9347-4FBA-8F15-9FA0332E590A}.Debug|x64.Build.0 = Debug|x64
		{045A91BD-9347-4FBA-8F15-9FA0332E590A}.Debug|x86.ActiveCfg = Debug|Win32
		{045A91BD-9347-4FBA-8F15-9FA0332E590A}.Debug|x86.Build.0 = Debug|Win32
		{045A91BD-9347-4FBA-8F15-9FA0332E590A}.Release|x64.ActiveCfg = Release|x64
		{045A91BD-9347-4FBA-8F15-9FA0332E590A}.Release|x64.Build.0 = Release|x64
		{045A91BD-9347-4FBA-8F15-9FA0332E590A}.Release|x86.ActiveCfg = Release|Win32
		{045A91BD-9347-4FBA-8F15-9FA0332E590A}.Release|x86.Build.0 = Release|Win32
		{93D9C8B4-6365-497C-905C-984F46FF5CAA}.Debug|x64.ActiveCfg = Debug|x64
		{93D9C8B4-6365-497C-905C-984F46FF5CAA}.Debug|x64.Build.0 = Debug|x64
		{93D9C8B4-6365-497C-905C-984F46FF5CAA}.Debug|x86.ActiveCfg = Debug|Win32
		{93D9C8B4-6365-497C-905C-984F46FF5CAA}.Debug|x86.Build.0 = Debug|Win32
		{93D9C8B4-6365-497C-905C-984F46FF5CAA}.Release|x64.ActiveCfg = Release|x64
		{93D9C8B4-6365-497C-905C-984F46FF5CAA}.Release|x64.Build.0 = Release|x64
		{93D9C8B4-6365-497C-905C-984F46FF5CAA}.Release|x86.ActiveCfg = Release|Win32
		{93D9C8B4-6365-497C-905C-984F46FF5CAA}.Release|x86.Build.0 = Release|Win32
		{BC03C7D1-0196-455A-9BB8-4588CDE1CB10}.Debug|x64.ActiveCfg = Debug|x64
		{BC03C7D1-0196-455A-9BB8-4588CDE1CB10}.Debug|x64.Build.0 = Debug|x64
		{BC03C7D1-0196-455A-9BB8-4588CDE1CB10}.Debug|x86.ActiveCfg = Debug|Win32
		{BC03C7D1-0196-455A-9BB8-4588CDE1CB10}.Debug|x86.Build.0 = Debug|Win32
		{BC03C7D1-0196-455A-9BB8-4588CDE1CB10}.Release|x64.ActiveCfg = Release|x64
		{BC03C7D1-0196-455A-9BB8-4588CDE1CB10}.Release|x64.Build.0 = Release|x64
		{BC03C7D1-0196-455A-9BB8-4588CDE1CB10}.Release|x86.ActiveCfg = Release|Win32
		{BC03C7D1-0196-455A-9BB8-4588CDE1CB10}.Release|x86.Build.0 = Release|Win32
		{2024AE70-495D-42C2-9068-A85BB0D16732}.Debug|x64.ActiveCfg = Debug|x64
		{2024AE70-495D-42C2-9068-A85BB0D16732}.Debug|x64.Build.0 = Debug|x64
		{2024AE70-495D-42C2-9068-A85BB0D16732}.Debug|x86.ActiveCfg = Debug|Win32
		{2024AE70-495D-42C2-9068-A85BB0D16732}.Debug|x86.Build.0 = Debug|Win32
		{2024AE70-495D-42C2-9068-A85BB0D16732}.Release|x64.ActiveCfg = Release|x64
		{2024AE70-495D-42C2-9068-A85BB0D16732}.Release|x64.Build.0 = Release|x64
		{2024AE70-495D-42C2-9068-A85BB0D16732}.Release|x86.ActiveCfg = Release|Win32
		{2024AE70-495D-42C2-9068-A85BB0D16732}.Release|x86.Build.0 = Release|Win32
	EndGlobalSection
	GlobalSection(SolutionProperties) = preSolution
		HideSolutionNode = FALSE
	EndGlobalSection
	GlobalSection(ExtensibilityGlobals) = postSolution
		SolutionGuid = {9A240617-8D9B-42B9-A4C9-4D6793FB1E08}
	EndGlobalSection
EndGlobal
